// !$*UTF8*$!
{
	archiveVersion = 1;
	classes = {
	};
	objectVersion = 46;
	objects = {

/* Begin PBXBuildFile section */
		DD6D231B1BE3162500022EA1 /* main.m in Sources */ = {isa = PBXBuildFile; fileRef = DD6D231A1BE3162500022EA1 /* main.m */; };
		DD6D231E1BE3162500022EA1 /* AppDelegate.m in Sources */ = {isa = PBXBuildFile; fileRef = DD6D231D1BE3162500022EA1 /* AppDelegate.m */; };
		DD6D23211BE3162500022EA1 /* ViewController.m in Sources */ = {isa = PBXBuildFile; fileRef = DD6D23201BE3162500022EA1 /* ViewController.m */; };
		DD6D23241BE3162500022EA1 /* Main.storyboard in Resources */ = {isa = PBXBuildFile; fileRef = DD6D23221BE3162500022EA1 /* Main.storyboard */; };
		DD6D23261BE3162500022EA1 /* Assets.xcassets in Resources */ = {isa = PBXBuildFile; fileRef = DD6D23251BE3162500022EA1 /* Assets.xcassets */; };
		DD6D23291BE3162500022EA1 /* LaunchScreen.storyboard in Resources */ = {isa = PBXBuildFile; fileRef = DD6D23271BE3162500022EA1 /* LaunchScreen.storyboard */; };
/* End PBXBuildFile section */

/* Begin PBXFileReference section */
		DD6D23161BE3162500022EA1 /* momo.app */ = {isa = PBXFileReference; explicitFileType = wrapper.application; includeInIndex = 0; path = momo.app; sourceTree = BUILT_PRODUCTS_DIR; };
		DD6D231A1BE3162500022EA1 /* main.m */ = {isa = PBXFileReference; lastKnownFileType = sourcecode.c.objc; path = main.m; sourceTree = "<group>"; };
		DD6D231C1BE3162500022EA1 /* AppDelegate.h */ = {isa = PBXFileReference; lastKnownFileType = sourcecode.c.h; path = AppDelegate.h; sourceTree = "<group>"; };
		DD6D231D1BE3162500022EA1 /* AppDelegate.m */ = {isa = PBXFileReference; lastKnownFileType = sourcecode.c.objc; path = AppDelegate.m; sourceTree = "<group>"; };
		DD6D231F1BE3162500022EA1 /* ViewController.h */ = {isa = PBXFileReference; lastKnownFileType = sourcecode.c.h; path = ViewController.h; sourceTree = "<group>"; };
		DD6D23201BE3162500022EA1 /* ViewController.m */ = {isa = PBXFileReference; lastKnownFileType = sourcecode.c.objc; path = ViewController.m; sourceTree = "<group>"; };
		DD6D23231BE3162500022EA1 /* Base */ = {isa = PBXFileReference; lastKnownFileType = file.storyboard; name = Base; path = Base.lproj/Main.storyboard; sourceTree = "<group>"; };
		DD6D23251BE3162500022EA1 /* Assets.xcassets */ = {isa = PBXFileReference; lastKnownFileType = folder.assetcatalog; path = Assets.xcassets; sourceTree = "<group>"; };
		DD6D23281BE3162500022EA1 /* Base */ = {isa = PBXFileReference; lastKnownFileType = file.storyboard; name = Base; path = Base.lproj/LaunchScreen.storyboard; sourceTree = "<group>"; };
		DD6D232A1BE3162500022EA1 /* Info.plist */ = {isa = PBXFileReference; lastKnownFileType = text.plist.xml; path = Info.plist; sourceTree = "<group>"; };
/* End PBXFileReference section */

/* Begin PBXFrameworksBuildPhase section */
		DD6D23131BE3162500022EA1 /* Frameworks */ = {
			isa = PBXFrameworksBuildPhase;
			buildActionMask = 2147483647;
			files = (
			);
			runOnlyForDeploymentPostprocessing = 0;
		};
/* End PBXFrameworksBuildPhase section */

/* Begin PBXGroup section */
		DD6D230D1BE3162500022EA1 = {
			isa = PBXGroup;
			children = (
				DD6D23181BE3162500022EA1 /* momo */,
				DD6D23171BE3162500022EA1 /* Products */,
			);
			sourceTree = "<group>";
		};
		DD6D23171BE3162500022EA1 /* Products */ = {
			isa = PBXGroup;
			children = (
				DD6D23161BE3162500022EA1 /* momo.app */,
			);
			name = Products;
			sourceTree = "<group>";
		};
		DD6D23181BE3162500022EA1 /* momo */ = {
			isa = PBXGroup;
			children = (
				DD6D231C1BE3162500022EA1 /* AppDelegate.h */,
				DD6D231D1BE3162500022EA1 /* AppDelegate.m */,
				DD6D231F1BE3162500022EA1 /* ViewController.h */,
				DD6D23201BE3162500022EA1 /* ViewController.m */,
				DD6D23221BE3162500022EA1 /* Main.storyboard */,
				DD6D23251BE3162500022EA1 /* Assets.xcassets */,
				DD6D23271BE3162500022EA1 /* LaunchScreen.storyboard */,
				DD6D232A1BE3162500022EA1 /* Info.plist */,
				DD6D23191BE3162500022EA1 /* Supporting Files */,
			);
			path = momo;
			sourceTree = "<group>";
		};
		DD6D23191BE3162500022EA1 /* Supporting Files */ = {
			isa = PBXGroup;
			children = (
				DD6D231A1BE3162500022EA1 /* main.m */,
			);
			name = "Supporting Files";
			sourceTree = "<group>";
		};
/* End PBXGroup section */

/* Begin PBXNativeTarget section */
		DD6D23151BE3162500022EA1 /* momo */ = {
			isa = PBXNativeTarget;
			buildConfigurationList = DD6D232D1BE3162500022EA1 /* Build configuration list for PBXNativeTarget "momo" */;
			buildPhases = (
				DD6D23121BE3162500022EA1 /* Sources */,
				DD6D23131BE3162500022EA1 /* Frameworks */,
				DD6D23141BE3162500022EA1 /* Resources */,
			);
			buildRules = (
			);
			dependencies = (
			);
			name = momo;
			productName = momo;
			productReference = DD6D23161BE3162500022EA1 /* momo.app */;
			productType = "com.apple.product-type.application";
		};
/* End PBXNativeTarget section */

/* Begin PBXProject section */
		DD6D230E1BE3162500022EA1 /* Project object */ = {
			isa = PBXProject;
			attributes = {
				LastUpgradeCheck = 0700;
				ORGANIZATIONNAME = tiantian;
				TargetAttributes = {
					DD6D23151BE3162500022EA1 = {
						CreatedOnToolsVersion = 7.0;
					};
				};
			};
			buildConfigurationList = DD6D23111BE3162500022EA1 /* Build configuration list for PBXProject "momo" */;
			compatibilityVersion = "Xcode 3.2";
			developmentRegion = English;
			hasScannedForEncodings = 0;
			knownRegions = (
				en,
				Base,
			);
			mainGroup = DD6D230D1BE3162500022EA1;
			productRefGroup = DD6D23171BE3162500022EA1 /* Products */;
			projectDirPath = "";
			projectRoot = "";
			targets = (
				DD6D23151BE3162500022EA1 /* momo */,
			);
		};
/* End PBXProject section */

/* Begin PBXResourcesBuildPhase section */
		DD6D23141BE3162500022EA1 /* Resources */ = {
			isa = PBXResourcesBuildPhase;
			buildActionMask = 2147483647;
			files = (
				DD6D23291BE3162500022EA1 /* LaunchScreen.storyboard in Resources */,
				DD6D23261BE3162500022EA1 /* Assets.xcassets in Resources */,
				DD6D23241BE3162500022EA1 /* Main.storyboard in Resources */,
			);
			runOnlyForDeploymentPostprocessing = 0;
		};
/* End PBXResourcesBuildPhase section */

/* Begin PBXSourcesBuildPhase section */
		DD6D23121BE3162500022EA1 /* Sources */ = {
			isa = PBXSourcesBuildPhase;
			buildActionMask = 2147483647;
			files = (
				DD6D23211BE3162500022EA1 /* ViewController.m in Sources */,
				DD6D231E1BE3162500022EA1 /* AppDelegate.m in Sources */,
				DD6D231B1BE3162500022EA1 /* main.m in Sources */,
			);
			runOnlyForDeploymentPostprocessing = 0;
		};
/* End PBXSourcesBuildPhase section */

/* Begin PBXVariantGroup section */
		DD6D23221BE3162500022EA1 /* Main.storyboard */ = {
			isa = PBXVariantGroup;
			children = (
				DD6D23231BE3162500022EA1 /* Base */,
			);
			name = Main.storyboard;
			sourceTree = "<group>";
		};
		DD6D23271BE3162500022EA1 /* LaunchScreen.storyboard */ = {
			isa = PBXVariantGroup;
			children = (
				DD6D23281BE3162500022EA1 /* Base */,
			);
			name = LaunchScreen.storyboard;
			sourceTree = "<group>";
		};
/* End PBXVariantGroup section */

/* Begin XCBuildConfiguration section */
		DD6D232B1BE3162500022EA1 /* Debug */ = {
			isa = XCBuildConfiguration;
			buildSettings = {
				ALWAYS_SEARCH_USER_PATHS = NO;
				CLANG_CXX_LANGUAGE_STANDARD = "gnu++0x";
				CLANG_CXX_LIBRARY = "libc++";
				CLANG_ENABLE_MODULES = YES;
				CLANG_ENABLE_OBJC_ARC = YES;
				CLANG_WARN_BOOL_CONVERSION = YES;
				CLANG_WARN_CONSTANT_CONVERSION = YES;
				CLANG_WARN_DIRECT_OBJC_ISA_USAGE = YES_ERROR;
				CLANG_WARN_EMPTY_BODY = YES;
				CLANG_WARN_ENUM_CONVERSION = YES;
				CLANG_WARN_INT_CONVERSION = YES;
				CLANG_WARN_OBJC_ROOT_CLASS = YES_ERROR;
				CLANG_WARN_UNREACHABLE_CODE = YES;
				CLANG_WARN__DUPLICATE_METHOD_MATCH = YES;
				"CODE_SIGN_IDENTITY[sdk=iphoneos*]" = "iPhone Developer";
				COPY_PHASE_STRIP = NO;
				DEBUG_INFORMATION_FORMAT = dwarf;
				ENABLE_STRICT_OBJC_MSGSEND = YES;
				ENABLE_TESTABILITY = YES;
				GCC_C_LANGUAGE_STANDARD = gnu99;
				GCC_DYNAMIC_NO_PIC = NO;
				GCC_NO_COMMON_BLOCKS = YES;
				GCC_OPTIMIZATION_LEVEL = 0;
				GCC_PREPROCESSOR_DEFINITIONS = (
					"DEBUG=1",
					"$(inherited)",
				);
				GCC_WARN_64_TO_32_BIT_CONVERSION = YES;
				GCC_WARN_ABOUT_RETURN_TYPE = YES_ERROR;
				GCC_WARN_UNDECLARED_SELECTOR = YES;
				GCC_WARN_UNINITIALIZED_AUTOS = YES_AGGRESSIVE;
				GCC_WARN_UNUSED_FUNCTION = YES;
				GCC_WARN_UNUSED_VARIABLE = YES;
				IPHONEOS_DEPLOYMENT_TARGET = 9.0;
				MTL_ENABLE_DEBUG_INFO = YES;
				ONLY_ACTIVE_ARCH = YES;
				SDKROOT = iphoneos;
				TARGETED_DEVICE_FAMILY = "1,2";
			};
			name = Debug;
		};
		DD6D232C1BE3162500022EA1 /* Release */ = {
			isa = XCBuildConfiguration;
			buildSettings = {
				ALWAYS_SEARCH_USER_PATHS = NO;
				CLANG_CXX_LANGUAGE_STANDARD = "gnu++0x";
				CLANG_CXX_LIBRARY = "libc++";
				CLANG_ENABLE_MODULES = YES;
				CLANG_ENABLE_OBJC_ARC = YES;
				CLANG_WARN_BOOL_CONVERSION = YES;
				CLANG_WARN_CONSTANT_CONVERSION = YES;
				CLANG_WARN_DIRECT_OBJC_ISA_USAGE = YES_ERROR;
				CLANG_WARN_EMPTY_BODY = YES;
				CLANG_WARN_ENUM_CONVERSION = YES;
				CLANG_WARN_INT_CONVERSION = YES;
				CLANG_WARN_OBJC_ROOT_CLASS = YES_ERROR;
				CLANG_WARN_UNREACHABLE_CODE = YES;
				CLANG_WARN__DUPLICATE_METHOD_MATCH = YES;
				"CODE_SIGN_IDENTITY[sdk=iphoneos*]" = "iPhone Developer";
				COPY_PHASE_STRIP = NO;
				DEBUG_INFORMATION_FORMAT = "dwarf-with-dsym";
				ENABLE_NS_ASSERTIONS = NO;
				ENABLE_STRICT_OBJC_MSGSEND = YES;
				GCC_C_LANGUAGE_STANDARD = gnu99;
				GCC_NO_COMMON_BLOCKS = YES;
				GCC_WARN_64_TO_32_BIT_CONVERSION = YES;
				GCC_WARN_ABOUT_RETURN_TYPE = YES_ERROR;
				GCC_WARN_UNDECLARED_SELECTOR = YES;
				GCC_WARN_UNINITIALIZED_AUTOS = YES_AGGRESSIVE;
				GCC_WARN_UNUSED_FUNCTION = YES;
				GCC_WARN_UNUSED_VARIABLE = YES;
				IPHONEOS_DEPLOYMENT_TARGET = 9.0;
				MTL_ENABLE_DEBUG_INFO = NO;
				SDKROOT = iphoneos;
				TARGETED_DEVICE_FAMILY = "1,2";
				VALIDATE_PRODUCT = YES;
			};
			name = Release;
		};
		DD6D232E1BE3162500022EA1 /* Debug */ = {
			isa = XCBuildConfiguration;
			buildSettings = {
				ASSETCATALOG_COMPILER_APPICON_NAME = AppIcon;
				INFOPLIST_FILE = momo/Info.plist;
				LD_RUNPATH_SEARCH_PATHS = "$(inherited) @executable_path/Frameworks";
				PRODUCT_BUNDLE_IDENTIFIER = eee.momo;
				PRODUCT_NAME = "$(TARGET_NAME)";
			};
			name = Debug;
		};
		DD6D232F1BE3162500022EA1 /* Release */ = {
			isa = XCBuildConfiguration;
			buildSettings = {
				ASSETCATALOG_COMPILER_APPICON_NAME = AppIcon;
				INFOPLIST_FILE = momo/Info.plist;
				LD_RUNPATH_SEARCH_PATHS = "$(inherited) @executable_path/Frameworks";
				PRODUCT_BUNDLE_IDENTIFIER = eee.momo;
				PRODUCT_NAME = "$(TARGET_NAME)";
			};
			name = Release;
		};
/* End XCBuildConfiguration section */

/* Begin XCConfigurationList section */
		DD6D23111BE3162500022EA1 /* Build configuration list for PBXProject "momo" */ = {
			isa = XCConfigurationList;
			buildConfigurations = (
				DD6D232B1BE3162500022EA1 /* Debug */,
				DD6D232C1BE3162500022EA1 /* Release */,
			);
			defaultConfigurationIsVisible = 0;
			defaultConfigurationName = Release;
		};
		DD6D232D1BE3162500022EA1 /* Build configuration list for PBXNativeTarget "momo" */ = {
			isa = XCConfigurationList;
			buildConfigurations = (
				DD6D232E1BE3162500022EA1 /* Debug */,
				DD6D232F1BE3162500022EA1 /* Release */,
			);
			defaultConfigurationIsVisible = 0;
		};
/* End XCConfigurationList section */
	};
	rootObject = DD6D230E1BE3162500022EA1 /* Project object */;
}
